
Microsoft Visual Studio Solution File, Format Version 12.00
# Visual Studio Version 17
VisualStudioVersion = 17.9.34622.214
MinimumVisualStudioVersion = 10.0.40219.1
Project("{FAE04EC0-301F-11D3-BF4B-00C04F79EFBC}") = "WebApplication1", "WebApplication1\WebApplication1.csproj", "{D1AD8916-A313-4121-92C8-511A9DB2D45E}"
EndProject
Global
	GlobalSection(SolutionConfigurationPlatforms) = preSolution
		Debug|Any CPU = Debug|Any CPU
		Release|Any CPU = Release|Any CPU
	EndGlobalSection
	GlobalSection(ProjectConfigurationPlatforms) = postSolution
		{D1AD8916-A313-4121-92C8-511A9DB2D45E}.Debug|Any CPU.ActiveCfg = Debug|Any CPU
		{D1AD8916-A313-4121-92C8-511A9DB2D45E}.Debug|Any CPU.Build.0 = Debug|Any CPU
		{D1AD8916-A313-4121-92C8-511A9DB2D45E}.Release|Any CPU.ActiveCfg = Release|Any CPU
		{D1AD8916-A313-4121-92C8-511A9DB2D45E}.Release|Any CPU.Build.0 = Release|Any CPU
	EndGlobalSection
	GlobalSection(SolutionProperties) = preSolution
		HideSolutionNode = FALSE
	EndGlobalSection
	GlobalSection(ExtensibilityGlobals) = postSolution
		SolutionGuid = {4D8E1FEF-0357-4D7F-B035-419BB6764FDF}
	EndGlobalSection
EndGlobal
